// !$*UTF8*$!
{
	archiveVersion = 1;
	classes = {
	};
	objectVersion = 56;
	objects = {

/* Begin PBXBuildFile section */
		5CB313852A83B7E100E50ECC /* LittelLemonApp.swift in Sources */ = {isa = PBXBuildFile; fileRef = 5CB313842A83B7E100E50ECC /* LittelLemonApp.swift */; };
		5CB313892A83B7E200E50ECC /* Assets.xcassets in Resources */ = {isa = PBXBuildFile; fileRef = 5CB313882A83B7E200E50ECC /* Assets.xcassets */; };
		5CB3138C2A83B7E200E50ECC /* Preview Assets.xcassets in Resources */ = {isa = PBXBuildFile; fileRef = 5CB3138B2A83B7E200E50ECC /* Preview Assets.xcassets */; };
		5CB313A42A83B8F700E50ECC /* MainView.swift in Sources */ = {isa = PBXBuildFile; fileRef = 5CB313922A83B8F700E50ECC /* MainView.swift */; };
		5CB313A52A83B8F700E50ECC /* OnBoardingView.swift in Sources */ = {isa = PBXBuildFile; fileRef = 5CB313932A83B8F700E50ECC /* OnBoardingView.swift */; };
		5CB313A62A83B8F700E50ECC /* HomeView.swift in Sources */ = {isa = PBXBuildFile; fileRef = 5CB313942A83B8F700E50ECC /* HomeView.swift */; };
		5CB313A92A83B8F700E50ECC /* Model.xcdatamodeld in Sources */ = {isa = PBXBuildFile; fileRef = 5CB313972A83B8F700E50ECC /* Model.xcdatamodeld */; };
		5CB313AB2A83B8F700E50ECC /* ProfileView.swift in Sources */ = {isa = PBXBuildFile; fileRef = 5CB3139A2A83B8F700E50ECC /* ProfileView.swift */; };
		5CB313AC2A83B8F700E50ECC /* Localization.strings in Resources */ = {isa = PBXBuildFile; fileRef = 5CB3139B2A83B8F700E50ECC /* Localization.strings */; };
		5CB313AD2A83B8F700E50ECC /* Validation.swift in Sources */ = {isa = PBXBuildFile; fileRef = 5CB3139C2A83B8F700E50ECC /* Validation.swift */; };
		5CB313AE2A83B8F700E50ECC /* FetchData.swift in Sources */ = {isa = PBXBuildFile; fileRef = 5CB3139D2A83B8F700E50ECC /* FetchData.swift */; };
		5CB313AF2A83B8F700E50ECC /* MenuItemDetailsView.swift in Sources */ = {isa = PBXBuildFile; fileRef = 5CB3139E2A83B8F700E50ECC /* MenuItemDetailsView.swift */; };
		5CB313B02A83B8F700E50ECC /* en.lproj in Resources */ = {isa = PBXBuildFile; fileRef = 5CB3139F2A83B8F700E50ECC /* en.lproj */; };
		5CB313B12A83B8F700E50ECC /* Preview Content in Resources */ = {isa = PBXBuildFile; fileRef = 5CB313A02A83B8F700E50ECC /* Preview Content */; };
		5CB313B22A83B8F700E50ECC /* Persistance.swift in Sources */ = {isa = PBXBuildFile; fileRef = 5CB313A12A83B8F700E50ECC /* Persistance.swift */; };
		5CB313B32A83B8F700E50ECC /* UserManager.swift in Sources */ = {isa = PBXBuildFile; fileRef = 5CB313A22A83B8F700E50ECC /* UserManager.swift */; };
		5CB313B42A83B8F700E50ECC /* MenuViewModel.swift in Sources */ = {isa = PBXBuildFile; fileRef = 5CB313A32A83B8F700E50ECC /* MenuViewModel.swift */; };
		5CB313B62A83BC7A00E50ECC /* Fonts.swift in Sources */ = {isa = PBXBuildFile; fileRef = 5CB313B52A83BC7A00E50ECC /* Fonts.swift */; };
		5CB313B82A83BC9900E50ECC /* Colors.swift in Sources */ = {isa = PBXBuildFile; fileRef = 5CB313B72A83BC9900E50ECC /* Colors.swift */; };
		5CB313BA2A83BCA100E50ECC /* Styles.swift in Sources */ = {isa = PBXBuildFile; fileRef = 5CB313B92A83BCA100E50ECC /* Styles.swift */; };
		5CB313C02A83BCB400E50ECC /* MenuItem.swift in Sources */ = {isa = PBXBuildFile; fileRef = 5CB313BC2A83BCB400E50ECC /* MenuItem.swift */; };
		5CB313C22A83BCB400E50ECC /* MenuList.swift in Sources */ = {isa = PBXBuildFile; fileRef = 5CB313BE2A83BCB400E50ECC /* MenuList.swift */; };
/* End PBXBuildFile section */

/* Begin PBXFileReference section */
		5CB313812A83B7E100E50ECC /* LittelLemon.app */ = {isa = PBXFileReference; explicitFileType = wrapper.application; includeInIndex = 0; path = LittelLemon.app; sourceTree = BUILT_PRODUCTS_DIR; };
		5CB313842A83B7E100E50ECC /* LittelLemonApp.swift */ = {isa = PBXFileReference; lastKnownFileType = sourcecode.swift; path = LittelLemonApp.swift; sourceTree = "<group>"; };
		5CB313882A83B7E200E50ECC /* Assets.xcassets */ = {isa = PBXFileReference; lastKnownFileType = folder.assetcatalog; path = Assets.xcassets; sourceTree = "<group>"; };
		5CB3138B2A83B7E200E50ECC /* Preview Assets.xcassets */ = {isa = PBXFileReference; lastKnownFileType = folder.assetcatalog; path = "Preview Assets.xcassets"; sourceTree = "<group>"; };
		5CB313922A83B8F700E50ECC /* MainView.swift */ = {isa = PBXFileReference; fileEncoding = 4; lastKnownFileType = sourcecode.swift; path = MainView.swift; sourceTree = "<group>"; };
		5CB313932A83B8F700E50ECC /* OnBoardingView.swift */ = {isa = PBXFileReference; fileEncoding = 4; lastKnownFileType = sourcecode.swift; path = OnBoardingView.swift; sourceTree = "<group>"; };
		5CB313942A83B8F700E50ECC /* HomeView.swift */ = {isa = PBXFileReference; fileEncoding = 4; lastKnownFileType = sourcecode.swift; path = HomeView.swift; sourceTree = "<group>"; };
		5CB313952A83B8F700E50ECC /* Assets.xcassets */ = {isa = PBXFileReference; lastKnownFileType = folder.assetcatalog; path = Assets.xcassets; sourceTree = "<group>"; };
		5CB313982A83B8F700E50ECC /* Model.xcdatamodel */ = {isa = PBXFileReference; lastKnownFileType = wrapper.xcdatamodel; path = Model.xcdatamodel; sourceTree = "<group>"; };
		5CB3139A2A83B8F700E50ECC /* ProfileView.swift */ = {isa = PBXFileReference; fileEncoding = 4; lastKnownFileType = sourcecode.swift; path = ProfileView.swift; sourceTree = "<group>"; };
		5CB3139B2A83B8F700E50ECC /* Localization.strings */ = {isa = PBXFileReference; fileEncoding = 4; lastKnownFileType = text.plist.strings; path = Localization.strings; sourceTree = "<group>"; };
		5CB3139C2A83B8F700E50ECC /* Validation.swift */ = {isa = PBXFileReference; fileEncoding = 4; lastKnownFileType = sourcecode.swift; path = Validation.swift; sourceTree = "<group>"; };
		5CB3139D2A83B8F700E50ECC /* FetchData.swift */ = {isa = PBXFileReference; fileEncoding = 4; lastKnownFileType = sourcecode.swift; path = FetchData.swift; sourceTree = "<group>"; };
		5CB3139E2A83B8F700E50ECC /* MenuItemDetailsView.swift */ = {isa = PBXFileReference; fileEncoding = 4; lastKnownFileType = sourcecode.swift; path = MenuItemDetailsView.swift; sourceTree = "<group>"; };
		5CB3139F2A83B8F700E50ECC /* en.lproj */ = {isa = PBXFileReference; lastKnownFileType = folder; path = en.lproj; sourceTree = "<group>"; };
		5CB313A02A83B8F700E50ECC /* Preview Content */ = {isa = PBXFileReference; lastKnownFileType = folder; path = "Preview Content"; sourceTree = "<group>"; };
		5CB313A12A83B8F700E50ECC /* Persistance.swift */ = {isa = PBXFileReference; fileEncoding = 4; lastKnownFileType = sourcecode.swift; path = Persistance.swift; sourceTree = "<group>"; };
		5CB313A22A83B8F700E50ECC /* UserManager.swift */ = {isa = PBXFileReference; fileEncoding = 4; lastKnownFileType = sourcecode.swift; path = UserManager.swift; sourceTree = "<group>"; };
		5CB313A32A83B8F700E50ECC /* MenuViewModel.swift */ = {isa = PBXFileReference; fileEncoding = 4; lastKnownFileType = sourcecode.swift; path = MenuViewModel.swift; sourceTree = "<group>"; };
		5CB313B52A83BC7A00E50ECC /* Fonts.swift */ = {isa = PBXFileReference; fileEncoding = 4; lastKnownFileType = sourcecode.swift; path = Fonts.swift; sourceTree = "<group>"; };
		5CB313B72A83BC9900E50ECC /* Colors.swift */ = {isa = PBXFileReference; lastKnownFileType = sourcecode.swift; path = Colors.swift; sourceTree = "<group>"; };
		5CB313B92A83BCA100E50ECC /* Styles.swift */ = {isa = PBXFileReference; lastKnownFileType = sourcecode.swift; path = Styles.swift; sourceTree = "<group>"; };
		5CB313BB2A83BCB400E50ECC /* Dish+CoreDataClass.swift */ = {isa = PBXFileReference; fileEncoding = 4; lastKnownFileType = sourcecode.swift; path = "Dish+CoreDataClass.swift"; sourceTree = "<group>"; };
		5CB313BC2A83BCB400E50ECC /* MenuItem.swift */ = {isa = PBXFileReference; fileEncoding = 4; lastKnownFileType = sourcecode.swift; path = MenuItem.swift; sourceTree = "<group>"; };
		5CB313BD2A83BCB400E50ECC /* Dish+CoreDataProperties.swift */ = {isa = PBXFileReference; fileEncoding = 4; lastKnownFileType = sourcecode.swift; path = "Dish+CoreDataProperties.swift"; sourceTree = "<group>"; };
		5CB313BE2A83BCB400E50ECC /* MenuList.swift */ = {isa = PBXFileReference; fileEncoding = 4; lastKnownFileType = sourcecode.swift; path = MenuList.swift; sourceTree = "<group>"; };
/* End PBXFileReference section */

/* Begin PBXFrameworksBuildPhase section */
		5CB3137E2A83B7E100E50ECC /* Frameworks */ = {
			isa = PBXFrameworksBuildPhase;
			buildActionMask = 2147483647;
			files = (
			);
			runOnlyForDeploymentPostprocessing = 0;
		};
/* End PBXFrameworksBuildPhase section */

/* Begin PBXGroup section */
		5CB313782A83B7E100E50ECC = {
			isa = PBXGroup;
			children = (
				5CB313832A83B7E100E50ECC /* LittelLemon */,
				5CB313822A83B7E100E50ECC /* Products */,
			);
			sourceTree = "<group>";
		};
		5CB313822A83B7E100E50ECC /* Products */ = {
			isa = PBXGroup;
			children = (
				5CB313812A83B7E100E50ECC /* LittelLemon.app */,
			);
			name = Products;
			sourceTree = "<group>";
		};
		5CB313832A83B7E100E50ECC /* LittelLemon */ = {
			isa = PBXGroup;
			children = (
				5CB313C32A83BD0C00E50ECC /* Model */,
				5CB313BC2A83BCB400E50ECC /* MenuItem.swift */,
				5CB313BE2A83BCB400E50ECC /* MenuList.swift */,
				5CB313B92A83BCA100E50ECC /* Styles.swift */,
				5CB313B72A83BC9900E50ECC /* Colors.swift */,
				5CB313B52A83BC7A00E50ECC /* Fonts.swift */,
				5CB313952A83B8F700E50ECC /* Assets.xcassets */,
				5CB3139D2A83B8F700E50ECC /* FetchData.swift */,
				5CB313942A83B8F700E50ECC /* HomeView.swift */,
				5CB3139B2A83B8F700E50ECC /* Localization.strings */,
				5CB313922A83B8F700E50ECC /* MainView.swift */,
				5CB3139E2A83B8F700E50ECC /* MenuItemDetailsView.swift */,
				5CB313A32A83B8F700E50ECC /* MenuViewModel.swift */,
				5CB313972A83B8F700E50ECC /* Model.xcdatamodeld */,
				5CB313932A83B8F700E50ECC /* OnBoardingView.swift */,
				5CB313A12A83B8F700E50ECC /* Persistance.swift */,
				5CB313A02A83B8F700E50ECC /* Preview Content */,
				5CB3139A2A83B8F700E50ECC /* ProfileView.swift */,
				5CB313A22A83B8F700E50ECC /* UserManager.swift */,
				5CB3139C2A83B8F700E50ECC /* Validation.swift */,
				5CB3139F2A83B8F700E50ECC /* en.lproj */,
				5CB313842A83B7E100E50ECC /* LittelLemonApp.swift */,
				5CB313882A83B7E200E50ECC /* Assets.xcassets */,
				5CB3138A2A83B7E200E50ECC /* Preview Content */,
			);
			path = LittelLemon;
			sourceTree = "<group>";
		};
		5CB3138A2A83B7E200E50ECC /* Preview Content */ = {
			isa = PBXGroup;
			children = (
				5CB3138B2A83B7E200E50ECC /* Preview Assets.xcassets */,
			);
			path = "Preview Content";
			sourceTree = "<group>";
		};
		5CB313C32A83BD0C00E50ECC /* Model */ = {
			isa = PBXGroup;
			children = (
				5CB313BD2A83BCB400E50ECC /* Dish+CoreDataProperties.swift */,
				5CB313BB2A83BCB400E50ECC /* Dish+CoreDataClass.swift */,
			);
			path = Model;
			sourceTree = "<group>";
		};
/* End PBXGroup section */

/* Begin PBXNativeTarget section */
		5CB313802A83B7E100E50ECC /* LittelLemon */ = {
			isa = PBXNativeTarget;
			buildConfigurationList = 5CB3138F2A83B7E200E50ECC /* Build configuration list for PBXNativeTarget "LittelLemon" */;
			buildPhases = (
				5CB3137D2A83B7E100E50ECC /* Sources */,
				5CB3137E2A83B7E100E50ECC /* Frameworks */,
				5CB3137F2A83B7E100E50ECC /* Resources */,
			);
			buildRules = (
			);
			dependencies = (
			);
			name = LittelLemon;
			productName = LittelLemon;
			productReference = 5CB313812A83B7E100E50ECC /* LittelLemon.app */;
			productType = "com.apple.product-type.application";
		};
/* End PBXNativeTarget section */

/* Begin PBXProject section */
		5CB313792A83B7E100E50ECC /* Project object */ = {
			isa = PBXProject;
			attributes = {
				BuildIndependentTargetsInParallel = 1;
				LastSwiftUpdateCheck = 1430;
				LastUpgradeCheck = 1430;
				TargetAttributes = {
					5CB313802A83B7E100E50ECC = {
						CreatedOnToolsVersion = 14.3.1;
					};
				};
			};
			buildConfigurationList = 5CB3137C2A83B7E100E50ECC /* Build configuration list for PBXProject "LittelLemon" */;
			compatibilityVersion = "Xcode 14.0";
			developmentRegion = en;
			hasScannedForEncodings = 0;
			knownRegions = (
				en,
				Base,
			);
			mainGroup = 5CB313782A83B7E100E50ECC;
			productRefGroup = 5CB313822A83B7E100E50ECC /* Products */;
			projectDirPath = "";
			projectRoot = "";
			targets = (
				5CB313802A83B7E100E50ECC /* LittelLemon */,
			);
		};
/* End PBXProject section */

/* Begin PBXResourcesBuildPhase section */
		5CB3137F2A83B7E100E50ECC /* Resources */ = {
			isa = PBXResourcesBuildPhase;
			buildActionMask = 2147483647;
			files = (
				5CB313B02A83B8F700E50ECC /* en.lproj in Resources */,
				5CB3138C2A83B7E200E50ECC /* Preview Assets.xcassets in Resources */,
				5CB313AC2A83B8F700E50ECC /* Localization.strings in Resources */,
				5CB313B12A83B8F700E50ECC /* Preview Content in Resources */,
				5CB313892A83B7E200E50ECC /* Assets.xcassets in Resources */,
			);
			runOnlyForDeploymentPostprocessing = 0;
		};
/* End PBXResourcesBuildPhase section */

/* Begin PBXSourcesBuildPhase section */
		5CB3137D2A83B7E100E50ECC /* Sources */ = {
			isa = PBXSourcesBuildPhase;
			buildActionMask = 2147483647;
			files = (
				5CB313C02A83BCB400E50ECC /* MenuItem.swift in Sources */,
				5CB313A52A83B8F700E50ECC /* OnBoardingView.swift in Sources */,
				5CB313A62A83B8F700E50ECC /* HomeView.swift in Sources */,
				5CB313B62A83BC7A00E50ECC /* Fonts.swift in Sources */,
				5CB313B82A83BC9900E50ECC /* Colors.swift in Sources */,
				5CB313A92A83B8F700E50ECC /* Model.xcdatamodeld in Sources */,
				5CB313B42A83B8F700E50ECC /* MenuViewModel.swift in Sources */,
				5CB313BA2A83BCA100E50ECC /* Styles.swift in Sources */,
				5CB313B22A83B8F700E50ECC /* Persistance.swift in Sources */,
				5CB313852A83B7E100E50ECC /* LittelLemonApp.swift in Sources */,
				5CB313AB2A83B8F700E50ECC /* ProfileView.swift in Sources */,
				5CB313A42A83B8F700E50ECC /* MainView.swift in Sources */,
				5CB313AE2A83B8F700E50ECC /* FetchData.swift in Sources */,
				5CB313AD2A83B8F700E50ECC /* Validation.swift in Sources */,
				5CB313B32A83B8F700E50ECC /* UserManager.swift in Sources */,
				5CB313AF2A83B8F700E50ECC /* MenuItemDetailsView.swift in Sources */,
				5CB313C22A83BCB400E50ECC /* MenuList.swift in Sources */,
			);
			runOnlyForDeploymentPostprocessing = 0;
		};
/* End PBXSourcesBuildPhase section */

/* Begin XCBuildConfiguration section */
		5CB3138D2A83B7E200E50ECC /* Debug */ = {
			isa = XCBuildConfiguration;
			buildSettings = {
				ALWAYS_SEARCH_USER_PATHS = NO;
				CLANG_ANALYZER_NONNULL = YES;
				CLANG_ANALYZER_NUMBER_OBJECT_CONVERSION = YES_AGGRESSIVE;
				CLANG_CXX_LANGUAGE_STANDARD = "gnu++20";
				CLANG_ENABLE_MODULES = YES;
				CLANG_ENABLE_OBJC_ARC = YES;
				CLANG_ENABLE_OBJC_WEAK = YES;
				CLANG_WARN_BLOCK_CAPTURE_AUTORELEASING = YES;
				CLANG_WARN_BOOL_CONVERSION = YES;
				CLANG_WARN_COMMA = YES;
				CLANG_WARN_CONSTANT_CONVERSION = YES;
				CLANG_WARN_DEPRECATED_OBJC_IMPLEMENTATIONS = YES;
				CLANG_WARN_DIRECT_OBJC_ISA_USAGE = YES_ERROR;
				CLANG_WARN_DOCUMENTATION_COMMENTS = YES;
				CLANG_WARN_EMPTY_BODY = YES;
				CLANG_WARN_ENUM_CONVERSION = YES;
				CLANG_WARN_INFINITE_RECURSION = YES;
				CLANG_WARN_INT_CONVERSION = YES;
				CLANG_WARN_NON_LITERAL_NULL_CONVERSION = YES;
				CLANG_WARN_OBJC_IMPLICIT_RETAIN_SELF = YES;
				CLANG_WARN_OBJC_LITERAL_CONVERSION = YES;
				CLANG_WARN_OBJC_ROOT_CLASS = YES_ERROR;
				CLANG_WARN_QUOTED_INCLUDE_IN_FRAMEWORK_HEADER = YES;
				CLANG_WARN_RANGE_LOOP_ANALYSIS = YES;
				CLANG_WARN_STRICT_PROTOTYPES = YES;
				CLANG_WARN_SUSPICIOUS_MOVE = YES;
				CLANG_WARN_UNGUARDED_AVAILABILITY = YES_AGGRESSIVE;
				CLANG_WARN_UNREACHABLE_CODE = YES;
				CLANG_WARN__DUPLICATE_METHOD_MATCH = YES;
				COPY_PHASE_STRIP = NO;
				DEBUG_INFORMATION_FORMAT = dwarf;
				ENABLE_STRICT_OBJC_MSGSEND = YES;
				ENABLE_TESTABILITY = YES;
				GCC_C_LANGUAGE_STANDARD = gnu11;
				GCC_DYNAMIC_NO_PIC = NO;
				GCC_NO_COMMON_BLOCKS = YES;
				GCC_OPTIMIZATION_LEVEL = 0;
				GCC_PREPROCESSOR_DEFINITIONS = (
					"DEBUG=1",
					"$(inherited)",
				);
				GCC_WARN_64_TO_32_BIT_CONVERSION = YES;
				GCC_WARN_ABOUT_RETURN_TYPE = YES_ERROR;
				GCC_WARN_UNDECLARED_SELECTOR = YES;
				GCC_WARN_UNINITIALIZED_AUTOS = YES_AGGRESSIVE;
				GCC_WARN_UNUSED_FUNCTION = YES;
				GCC_WARN_UNUSED_VARIABLE = YES;
				IPHONEOS_DEPLOYMENT_TARGET = 16.4;
				MTL_ENABLE_DEBUG_INFO = INCLUDE_SOURCE;
				MTL_FAST_MATH = YES;
				ONLY_ACTIVE_ARCH = YES;
				SDKROOT = iphoneos;
				SWIFT_ACTIVE_COMPILATION_CONDITIONS = DEBUG;
				SWIFT_OPTIMIZATION_LEVEL = "-Onone";
			};
			name = Debug;
		};
		5CB3138E2A83B7E200E50ECC /* Release */ = {
			isa = XCBuildConfiguration;
			buildSettings = {
				ALWAYS_SEARCH_USER_PATHS = NO;
				CLANG_ANALYZER_NONNULL = YES;
				CLANG_ANALYZER_NUMBER_OBJECT_CONVERSION = YES_AGGRESSIVE;
				CLANG_CXX_LANGUAGE_STANDARD = "gnu++20";
				CLANG_ENABLE_MODULES = YES;
				CLANG_ENABLE_OBJC_ARC = YES;
				CLANG_ENABLE_OBJC_WEAK = YES;
				CLANG_WARN_BLOCK_CAPTURE_AUTORELEASING = YES;
				CLANG_WARN_BOOL_CONVERSION = YES;
				CLANG_WARN_COMMA = YES;
				CLANG_WARN_CONSTANT_CONVERSION = YES;
				CLANG_WARN_DEPRECATED_OBJC_IMPLEMENTATIONS = YES;
				CLANG_WARN_DIRECT_OBJC_ISA_USAGE = YES_ERROR;
				CLANG_WARN_DOCUMENTATION_COMMENTS = YES;
				CLANG_WARN_EMPTY_BODY = YES;
				CLANG_WARN_ENUM_CONVERSION = YES;
				CLANG_WARN_INFINITE_RECURSION = YES;
				CLANG_WARN_INT_CONVERSION = YES;
				CLANG_WARN_NON_LITERAL_NULL_CONVERSION = YES;
				CLANG_WARN_OBJC_IMPLICIT_RETAIN_SELF = YES;
				CLANG_WARN_OBJC_LITERAL_CONVERSION = YES;
				CLANG_WARN_OBJC_ROOT_CLASS = YES_ERROR;
				CLANG_WARN_QUOTED_INCLUDE_IN_FRAMEWORK_HEADER = YES;
				CLANG_WARN_RANGE_LOOP_ANALYSIS = YES;
				CLANG_WARN_STRICT_PROTOTYPES = YES;
				CLANG_WARN_SUSPICIOUS_MOVE = YES;
				CLANG_WARN_UNGUARDED_AVAILABILITY = YES_AGGRESSIVE;
				CLANG_WARN_UNREACHABLE_CODE = YES;
				CLANG_WARN__DUPLICATE_METHOD_MATCH = YES;
				COPY_PHASE_STRIP = NO;
				DEBUG_INFORMATION_FORMAT = "dwarf-with-dsym";
				ENABLE_NS_ASSERTIONS = NO;
				ENABLE_STRICT_OBJC_MSGSEND = YES;
				GCC_C_LANGUAGE_STANDARD = gnu11;
				GCC_NO_COMMON_BLOCKS = YES;
				GCC_WARN_64_TO_32_BIT_CONVERSION = YES;
				GCC_WARN_ABOUT_RETURN_TYPE = YES_ERROR;
				GCC_WARN_UNDECLARED_SELECTOR = YES;
				GCC_WARN_UNINITIALIZED_AUTOS = YES_AGGRESSIVE;
				GCC_WARN_UNUSED_FUNCTION = YES;
				GCC_WARN_UNUSED_VARIABLE = YES;
				IPHONEOS_DEPLOYMENT_TARGET = 16.4;
				MTL_ENABLE_DEBUG_INFO = NO;
				MTL_FAST_MATH = YES;
				SDKROOT = iphoneos;
				SWIFT_COMPILATION_MODE = wholemodule;
				SWIFT_OPTIMIZATION_LEVEL = "-O";
				VALIDATE_PRODUCT = YES;
			};
			name = Release;
		};
		5CB313902A83B7E200E50ECC /* Debug */ = {
			isa = XCBuildConfiguration;
			buildSettings = {
				ASSETCATALOG_COMPILER_APPICON_NAME = AppIcon;
				ASSETCATALOG_COMPILER_GLOBAL_ACCENT_COLOR_NAME = AccentColor;
				CODE_SIGN_STYLE = Automatic;
				CURRENT_PROJECT_VERSION = 1;
				DEVELOPMENT_ASSET_PATHS = "\"LittelLemon/Preview Content\"";
				ENABLE_PREVIEWS = YES;
				GENERATE_INFOPLIST_FILE = YES;
				INFOPLIST_KEY_UIApplicationSceneManifest_Generation = YES;
				INFOPLIST_KEY_UIApplicationSupportsIndirectInputEvents = YES;
				INFOPLIST_KEY_UILaunchScreen_Generation = YES;
				INFOPLIST_KEY_UISupportedInterfaceOrientations_iPad = "UIInterfaceOrientationPortrait UIInterfaceOrientationPortraitUpsideDown UIInterfaceOrientationLandscapeLeft UIInterfaceOrientationLandscapeRight";
				INFOPLIST_KEY_UISupportedInterfaceOrientations_iPhone = "UIInterfaceOrientationPortrait UIInterfaceOrientationLandscapeLeft UIInterfaceOrientationLandscapeRight";
				LD_RUNPATH_SEARCH_PATHS = (
					"$(inherited)",
					"@executable_path/Frameworks",
				);
				MARKETING_VERSION = 1.0;
				PRODUCT_BUNDLE_IDENTIFIER = coursera.LittelLemon;
				PRODUCT_NAME = "$(TARGET_NAME)";
				SWIFT_EMIT_LOC_STRINGS = YES;
				SWIFT_VERSION = 5.0;
				TARGETED_DEVICE_FAMILY = "1,2";
			};
			name = Debug;
		};
		5CB313912A83B7E200E50ECC /* Release */ = {
			isa = XCBuildConfiguration;
			buildSettings = {
				ASSETCATALOG_COMPILER_APPICON_NAME = AppIcon;
				ASSETCATALOG_COMPILER_GLOBAL_ACCENT_COLOR_NAME = AccentColor;
				CODE_SIGN_STYLE = Automatic;
				CURRENT_PROJECT_VERSION = 1;
				DEVELOPMENT_ASSET_PATHS = "\"LittelLemon/Preview Content\"";
				ENABLE_PREVIEWS = YES;
				GENERATE_INFOPLIST_FILE = YES;
				INFOPLIST_KEY_UIApplicationSceneManifest_Generation = YES;
				INFOPLIST_KEY_UIApplicationSupportsIndirectInputEvents = YES;
				INFOPLIST_KEY_UILaunchScreen_Generation = YES;
				INFOPLIST_KEY_UISupportedInterfaceOrientations_iPad = "UIInterfaceOrientationPortrait UIInterfaceOrientationPortraitUpsideDown UIInterfaceOrientationLandscapeLeft UIInterfaceOrientationLandscapeRight";
				INFOPLIST_KEY_UISupportedInterfaceOrientations_iPhone = "UIInterfaceOrientationPortrait UIInterfaceOrientationLandscapeLeft UIInterfaceOrientationLandscapeRight";
				LD_RUNPATH_SEARCH_PATHS = (
					"$(inherited)",
					"@executable_path/Frameworks",
				);
				MARKETING_VERSION = 1.0;
				PRODUCT_BUNDLE_IDENTIFIER = coursera.LittelLemon;
				PRODUCT_NAME = "$(TARGET_NAME)";
				SWIFT_EMIT_LOC_STRINGS = YES;
				SWIFT_VERSION = 5.0;
				TARGETED_DEVICE_FAMILY = "1,2";
			};
			name = Release;
		};
/* End XCBuildConfiguration section */

/* Begin XCConfigurationList section */
		5CB3137C2A83B7E100E50ECC /* Build configuration list for PBXProject "LittelLemon" */ = {
			isa = XCConfigurationList;
			buildConfigurations = (
				5CB3138D2A83B7E200E50ECC /* Debug */,
				5CB3138E2A83B7E200E50ECC /* Release */,
			);
			defaultConfigurationIsVisible = 0;
			defaultConfigurationName = Release;
		};
		5CB3138F2A83B7E200E50ECC /* Build configuration list for PBXNativeTarget "LittelLemon" */ = {
			isa = XCConfigurationList;
			buildConfigurations = (
				5CB313902A83B7E200E50ECC /* Debug */,
				5CB313912A83B7E200E50ECC /* Release */,
			);
			defaultConfigurationIsVisible = 0;
			defaultConfigurationName = Release;
		};
/* End XCConfigurationList section */

/* Begin XCVersionGroup section */
		5CB313972A83B8F700E50ECC /* Model.xcdatamodeld */ = {
			isa = XCVersionGroup;
			children = (
				5CB313982A83B8F700E50ECC /* Model.xcdatamodel */,
			);
			currentVersion = 5CB313982A83B8F700E50ECC /* Model.xcdatamodel */;
			path = Model.xcdatamodeld;
			sourceTree = "<group>";
			versionGroupType = wrapper.xcdatamodel;
		};
/* End XCVersionGroup section */
	};
	rootObject = 5CB313792A83B7E100E50ECC /* Project object */;
}
